
Microsoft Visual Studio Solution File, Format Version 12.00
# Visual Studio 2013
VisualStudioVersion = 12.0.30723.0
MinimumVisualStudioVersion = 10.0.40219.1
Project("{F088123C-0E9E-452A-89E6-6BA2F21D5CAC}") = "CrimeHeadlineSystemModel", "CrimeHeadlineSystemModel\CrimeHeadlineSystemModel.modelproj", "{E42099E0-0D7B-41F5-BD9C-7201183B4AD4}"
EndProject
Project("{FAE04EC0-301F-11D3-BF4B-00C04F79EFBC}") = "CrimeHeadlineSystemTests", "CrimeHeadlineSystemTests\CrimeHeadlineSystemTests.csproj", "{8CF0FB82-188A-4426-BD28-FDC3374050B4}"
EndProject
Project("{FAE04EC0-301F-11D3-BF4B-00C04F79EFBC}") = "CrimeHeadlineSystemLib", "CrimeHeadlineSystemLib\CrimeHeadlineSystemLib.csproj", "{F44E2AE8-8A3A-4EDF-807F-BFC797C6C690}"
EndProject
Global
	GlobalSection(SolutionConfigurationPlatforms) = preSolution
		Debug|Any CPU = Debug|Any CPU
		Release|Any CPU = Release|Any CPU
	EndGlobalSection
	GlobalSection(ProjectConfigurationPlatforms) = postSolution
		{E42099E0-0D7B-41F5-BD9C-7201183B4AD4}.Debug|Any CPU.ActiveCfg = Debug|Any CPU
		{E42099E0-0D7B-41F5-BD9C-7201183B4AD4}.Debug|Any CPU.Build.0 = Debug|Any CPU
		{E42099E0-0D7B-41F5-BD9C-7201183B4AD4}.Release|Any CPU.ActiveCfg = Release|Any CPU
		{E42099E0-0D7B-41F5-BD9C-7201183B4AD4}.Release|Any CPU.Build.0 = Release|Any CPU
		{8CF0FB82-188A-4426-BD28-FDC3374050B4}.Debug|Any CPU.ActiveCfg = Debug|Any CPU
		{8CF0FB82-188A-4426-BD28-FDC3374050B4}.Debug|Any CPU.Build.0 = Debug|Any CPU
		{8CF0FB82-188A-4426-BD28-FDC3374050B4}.Release|Any CPU.ActiveCfg = Release|Any CPU
		{8CF0FB82-188A-4426-BD28-FDC3374050B4}.Release|Any CPU.Build.0 = Release|Any CPU
		{F44E2AE8-8A3A-4EDF-807F-BFC797C6C690}.Debug|Any CPU.ActiveCfg = Debug|Any CPU
		{F44E2AE8-8A3A-4EDF-807F-BFC797C6C690}.Debug|Any CPU.Build.0 = Debug|Any CPU
		{F44E2AE8-8A3A-4EDF-807F-BFC797C6C690}.Release|Any CPU.ActiveCfg = Release|Any CPU
		{F44E2AE8-8A3A-4EDF-807F-BFC797C6C690}.Release|Any CPU.Build.0 = Release|Any CPU
	EndGlobalSection
	GlobalSection(SolutionProperties) = preSolution
		HideSolutionNode = FALSE
	EndGlobalSection
EndGlobal
